<?xml version="1.0" encoding="utf-8"?>
<Project ToolsVersion="4.0" xmlns="http://schemas.microsoft.com/developer/msbuild/2003">
  <ItemGroup>
    <Filter Include="Archivos de origen">
      <UniqueIdentifier>{4FC737F1-C7A5-4376-A066-2A32D752A2FF}</UniqueIdentifier>
      <Extensions>cpp;c;cc;cxx;c++;cppm;ixx;def;odl;idl;hpj;bat;asm;asmx</Extensions>
    </Filter>
    <Filter Include="Archivos de encabezado">
      <UniqueIdentifier>{93995380-89BD-4b04-88EB-625FBE52EBFB}</UniqueIdentifier>
      <Extensions>h;hh;hpp;hxx;h++;hm;inl;inc;ipp;xsd</Extensions>
    </Filter>
    <Filter Include="Archivos de recursos">
      <UniqueIdentifier>{67DA6AB6-F800-4c08-8B7A-83BB121AAD01}</UniqueIdentifier>
      <Extensions>rc;ico;cur;bmp;dlg;rc2;rct;bin;rgs;gif;jpg;jpeg;jpe;resx;tiff;tif;png;wav;mfcribbon-ms</Extensions>
    </Filter>
    <Filter Include="Archivos de recursos\src">
      <UniqueIdentifier>{f84cea7a-3552-41e5-8824-66965f7c4bd7}</UniqueIdentifier>
    </Filter>
    <Filter Include="Archivos de encabezado\include">
      <UniqueIdentifier>{357d66c2-4e69-4c6a-9c71-bd77ba49abd8}</UniqueIdentifier>
    </Filter>
    <Filter Include="Archivos de encabezado\include\Core">
      <UniqueIdentifier>{51e832d7-41c7-4fc4-8e48-b88f63c62058}</UniqueIdentifier>
    </Filter>
    <Filter Include="Archivos de encabezado\include\Render">
      <UniqueIdentifier>{4c5c0b8b-654c-452d-814c-9fbe96f6fb28}</UniqueIdentifier>
    </Filter>
    <Filter Include="Archivos de recursos\src\Render">
      <UniqueIdentifier>{238c1fb7-e6e4-4b31-a7c2-6376b0cfcbd1}</UniqueIdentifier>
    </Filter>
    <Filter Include="Archivos de recursos\src\Core">
      <UniqueIdentifier>{726bfbca-b31e-413e-bd79-424863947ccb}</UniqueIdentifier>
    </Filter>
    <Filter Include="Shaders">
      <UniqueIdentifier>{6eef1059-c720-4a19-878f-903149903897}</UniqueIdentifier>
    </Filter>
    <Filter Include="Shaders\Forward">
      <UniqueIdentifier>{f963af28-d48b-4c0a-9c83-2d6a7498f170}</UniqueIdentifier>
    </Filter>
    <Filter Include="Archivos de encabezado\include\Components">
      <UniqueIdentifier>{cc104b11-8c33-4cbc-95c3-b6c202b31633}</UniqueIdentifier>
    </Filter>
    <Filter Include="Archivos de recursos\src\Components">
      <UniqueIdentifier>{025b138c-fd13-4878-8d5e-053ac5c6c8cc}</UniqueIdentifier>
    </Filter>
  </ItemGroup>
  <ItemGroup>
    <ClCompile Include="main.cpp">
      <Filter>Archivos de recursos</Filter>
    </ClCompile>
    <ClCompile Include="src\Render\window.cpp">
      <Filter>Archivos de recursos\src\Render</Filter>
    </ClCompile>
    <ClCompile Include="src\Core\engine.cpp">
      <Filter>Archivos de recursos\src\Core</Filter>
    </ClCompile>
    <ClCompile Include="src\Render\renderer.cpp">
      <Filter>Archivos de recursos\src\Render</Filter>
    </ClCompile>
    <ClCompile Include="src\Components\camera_component.cpp">
      <Filter>Archivos de recursos\src\Components</Filter>
    </ClCompile>
    <ClCompile Include="src\Components\transform_component.cpp">
      <Filter>Archivos de recursos\src\Components</Filter>
    </ClCompile>
    <ClCompile Include="src\Core\game_object.cpp">
      <Filter>Archivos de recursos\src\Core</Filter>
    </ClCompile>
    <ClCompile Include="src\Core\input.cpp">
      <Filter>Archivos de recursos\src\Core</Filter>
    </ClCompile>
    <ClCompile Include="src\Core\ResourceManager.cpp">
      <Filter>Archivos de recursos\src\Core</Filter>
    </ClCompile>
    <ClCompile Include="src\Render\texture.cpp">
      <Filter>Archivos de recursos\src\Render</Filter>
    </ClCompile>
    <ClCompile Include="src\Core\entity.cpp">
      <Filter>Archivos de recursos\src\Core</Filter>
    </ClCompile>
    <ClCompile Include="src\Core\ECS.cpp">
      <Filter>Archivos de recursos\src\Core</Filter>
    </ClCompile>
    <ClCompile Include="src\Core\Scene.cpp">
      <Filter>Archivos de recursos\src\Core</Filter>
    </ClCompile>
  </ItemGroup>
  <ItemGroup>
    <ClInclude Include="include\render\window.h">
      <Filter>Archivos de encabezado\include\Render</Filter>
    </ClInclude>
    <ClInclude Include="include\Core\defines.h">
      <Filter>Archivos de encabezado\include\Core</Filter>
    </ClInclude>
    <ClInclude Include="include\Core\engine.h">
      <Filter>Archivos de encabezado\include\Core</Filter>
    </ClInclude>
    <ClInclude Include="include\nova_engine.h">
      <Filter>Archivos de encabezado\include</Filter>
    </ClInclude>
    <ClInclude Include="include\render\renderer.h">
      <Filter>Archivos de encabezado\include\Render</Filter>
    </ClInclude>
    <ClInclude Include="include\components\camera_component.h">
      <Filter>Archivos de encabezado\include\Components</Filter>
    </ClInclude>
    <ClInclude Include="include\components\transform_component.h">
      <Filter>Archivos de encabezado\include\Components</Filter>
    </ClInclude>
    <ClInclude Include="include\Core\game_object.h">
      <Filter>Archivos de encabezado\include\Core</Filter>
    </ClInclude>
    <ClInclude Include="include\Core\input.h">
      <Filter>Archivos de encabezado\include\Core</Filter>
    </ClInclude>
    <ClInclude Include="include\Core\keys.h">
      <Filter>Archivos de encabezado\include\Core</Filter>
    </ClInclude>
    <ClInclude Include="include\Core\ResourceManager.h">
      <Filter>Archivos de encabezado\include\Core</Filter>
    </ClInclude>
    <ClInclude Include="include\render\texture.h">
      <Filter>Archivos de encabezado\include\Render</Filter>
    </ClInclude>
    <ClInclude Include="include\Core\entity.h">
      <Filter>Archivos de encabezado\include\Core</Filter>
    </ClInclude>
    <ClInclude Include="include\Core\ECS.h">
      <Filter>Archivos de encabezado\include\Core</Filter>
    </ClInclude>
    <ClInclude Include="include\Core\Scene.h">
      <Filter>Archivos de encabezado\include\Core</Filter>
    </ClInclude>
  </ItemGroup>
  <ItemGroup>
    <None Include="data\shaders\forward\common_forward.hlsl" />
    <None Include="data\shaders\forward\ps_directional.hlsl">
      <Filter>Shaders\Forward</Filter>
    </None>
    <None Include="data\shaders\forward\vs_directional.hlsl">
      <Filter>Shaders\Forward</Filter>
    </None>
  </ItemGroup>
</Project>